
Microsoft Visual Studio Solution File, Format Version 12.00
# Visual Studio Version 16
VisualStudioVersion = 16.0.32413.511
MinimumVisualStudioVersion = 10.0.40219.1
Project("{9A19103F-16F7-4668-BE54-9A1E7A4F7556}") = "BatchRename", "BatchRename\BatchRename.csproj", "{FA82E2F5-0899-4E9B-8372-439C16FA6588}"
EndProject
Project("{9A19103F-16F7-4668-BE54-9A1E7A4F7556}") = "AddPrefixRule", "AddPrefixRule\AddPrefixRule.csproj", "{C54945C6-B6A0-40E6-B2DE-CA9A9B663C8F}"
EndProject
Project("{9A19103F-16F7-4668-BE54-9A1E7A4F7556}") = "Interface", "Interface\Interface.csproj", "{D6562B4E-F1D5-46A3-AF03-AA341B9CA944}"
EndProject
Project("{9A19103F-16F7-4668-BE54-9A1E7A4F7556}") = "AddSuffixRule", "AddSuffixRule\AddSuffixRule.csproj", "{43AD70B5-3FA0-4142-B63A-D7F4E944583E}"
EndProject
Project("{9A19103F-16F7-4668-BE54-9A1E7A4F7556}") = "TestRule", "TestRule\TestRule.csproj", "{921B44D3-605A-4E3B-99E2-65270F6D3B02}"
EndProject
Project("{9A19103F-16F7-4668-BE54-9A1E7A4F7556}") = "ReplaceCharacters", "ReplaceCharacters\ReplaceCharacters.csproj", "{856830D1-26D0-4D4A-8BB7-96C96C5C082D}"
EndProject
Project("{9A19103F-16F7-4668-BE54-9A1E7A4F7556}") = "ChangeExtensionRule", "ChangeExtensionRule\ChangeExtensionRule.csproj", "{432F4612-FA01-49FE-A850-DCEB6B433BB9}"
EndProject
Project("{9A19103F-16F7-4668-BE54-9A1E7A4F7556}") = "AddSuffixCounterRule", "AddSuffixCounterRule\AddSuffixCounterRule.csproj", "{2523EF4C-CB36-4BD9-8CC4-6F69E59A9DBA}"
EndProject
Project("{9A19103F-16F7-4668-BE54-9A1E7A4F7556}") = "RemoveAllSpaceFromBeginAndEnd", "RemoveAllSpaceFromBeginAndEnd\RemoveAllSpaceFromBeginAndEnd.csproj", "{F91E03CD-890F-4986-95D5-7E655F33B054}"
EndProject
Project("{FAE04EC0-301F-11D3-BF4B-00C04F79EFBC}") = "LowercaseAndRemoveSpace", "LowercaseAndRemoveSpace\LowercaseAndRemoveSpace.csproj", "{6011004C-D4E2-45D9-82BD-C3D7BD985126}"
EndProject
Project("{FAE04EC0-301F-11D3-BF4B-00C04F79EFBC}") = "PascalCase", "PascalCase\PascalCase.csproj", "{D52E4763-0AC2-4B9A-998A-6293DE551FE5}"
EndProject
Global
	GlobalSection(SolutionConfigurationPlatforms) = preSolution
		Debug|Any CPU = Debug|Any CPU
		Debug|x86 = Debug|x86
		Release|Any CPU = Release|Any CPU
		Release|x86 = Release|x86
	EndGlobalSection
	GlobalSection(ProjectConfigurationPlatforms) = postSolution
		{FA82E2F5-0899-4E9B-8372-439C16FA6588}.Debug|Any CPU.ActiveCfg = Debug|Any CPU
		{FA82E2F5-0899-4E9B-8372-439C16FA6588}.Debug|Any CPU.Build.0 = Debug|Any CPU
		{FA82E2F5-0899-4E9B-8372-439C16FA6588}.Debug|x86.ActiveCfg = Debug|x86
		{FA82E2F5-0899-4E9B-8372-439C16FA6588}.Debug|x86.Build.0 = Debug|x86
		{FA82E2F5-0899-4E9B-8372-439C16FA6588}.Release|Any CPU.ActiveCfg = Release|Any CPU
		{FA82E2F5-0899-4E9B-8372-439C16FA6588}.Release|Any CPU.Build.0 = Release|Any CPU
		{FA82E2F5-0899-4E9B-8372-439C16FA6588}.Release|x86.ActiveCfg = Release|x86
		{FA82E2F5-0899-4E9B-8372-439C16FA6588}.Release|x86.Build.0 = Release|x86
		{C54945C6-B6A0-40E6-B2DE-CA9A9B663C8F}.Debug|Any CPU.ActiveCfg = Debug|Any CPU
		{C54945C6-B6A0-40E6-B2DE-CA9A9B663C8F}.Debug|Any CPU.Build.0 = Debug|Any CPU
		{C54945C6-B6A0-40E6-B2DE-CA9A9B663C8F}.Debug|x86.ActiveCfg = Debug|x86
		{C54945C6-B6A0-40E6-B2DE-CA9A9B663C8F}.Debug|x86.Build.0 = Debug|x86
		{C54945C6-B6A0-40E6-B2DE-CA9A9B663C8F}.Release|Any CPU.ActiveCfg = Release|Any CPU
		{C54945C6-B6A0-40E6-B2DE-CA9A9B663C8F}.Release|Any CPU.Build.0 = Release|Any CPU
		{C54945C6-B6A0-40E6-B2DE-CA9A9B663C8F}.Release|x86.ActiveCfg = Release|x86
		{C54945C6-B6A0-40E6-B2DE-CA9A9B663C8F}.Release|x86.Build.0 = Release|x86
		{D6562B4E-F1D5-46A3-AF03-AA341B9CA944}.Debug|Any CPU.ActiveCfg = Debug|Any CPU
		{D6562B4E-F1D5-46A3-AF03-AA341B9CA944}.Debug|Any CPU.Build.0 = Debug|Any CPU
		{D6562B4E-F1D5-46A3-AF03-AA341B9CA944}.Debug|x86.ActiveCfg = Debug|x86
		{D6562B4E-F1D5-46A3-AF03-AA341B9CA944}.Debug|x86.Build.0 = Debug|x86
		{D6562B4E-F1D5-46A3-AF03-AA341B9CA944}.Release|Any CPU.ActiveCfg = Release|Any CPU
		{D6562B4E-F1D5-46A3-AF03-AA341B9CA944}.Release|Any CPU.Build.0 = Release|Any CPU
		{D6562B4E-F1D5-46A3-AF03-AA341B9CA944}.Release|x86.ActiveCfg = Release|x86
		{D6562B4E-F1D5-46A3-AF03-AA341B9CA944}.Release|x86.Build.0 = Release|x86
		{43AD70B5-3FA0-4142-B63A-D7F4E944583E}.Debug|Any CPU.ActiveCfg = Debug|Any CPU
		{43AD70B5-3FA0-4142-B63A-D7F4E944583E}.Debug|Any CPU.Build.0 = Debug|Any CPU
		{43AD70B5-3FA0-4142-B63A-D7F4E944583E}.Debug|x86.ActiveCfg = Debug|x86
		{43AD70B5-3FA0-4142-B63A-D7F4E944583E}.Debug|x86.Build.0 = Debug|x86
		{43AD70B5-3FA0-4142-B63A-D7F4E944583E}.Release|Any CPU.ActiveCfg = Release|Any CPU
		{43AD70B5-3FA0-4142-B63A-D7F4E944583E}.Release|Any CPU.Build.0 = Release|Any CPU
		{43AD70B5-3FA0-4142-B63A-D7F4E944583E}.Release|x86.ActiveCfg = Release|x86
		{43AD70B5-3FA0-4142-B63A-D7F4E944583E}.Release|x86.Build.0 = Release|x86
		{921B44D3-605A-4E3B-99E2-65270F6D3B02}.Debug|Any CPU.ActiveCfg = Debug|Any CPU
		{921B44D3-605A-4E3B-99E2-65270F6D3B02}.Debug|Any CPU.Build.0 = Debug|Any CPU
		{921B44D3-605A-4E3B-99E2-65270F6D3B02}.Debug|x86.ActiveCfg = Debug|x86
		{921B44D3-605A-4E3B-99E2-65270F6D3B02}.Debug|x86.Build.0 = Debug|x86
		{921B44D3-605A-4E3B-99E2-65270F6D3B02}.Release|Any CPU.ActiveCfg = Release|Any CPU
		{921B44D3-605A-4E3B-99E2-65270F6D3B02}.Release|Any CPU.Build.0 = Release|Any CPU
		{921B44D3-605A-4E3B-99E2-65270F6D3B02}.Release|x86.ActiveCfg = Release|x86
		{921B44D3-605A-4E3B-99E2-65270F6D3B02}.Release|x86.Build.0 = Release|x86
		{856830D1-26D0-4D4A-8BB7-96C96C5C082D}.Debug|Any CPU.ActiveCfg = Debug|Any CPU
		{856830D1-26D0-4D4A-8BB7-96C96C5C082D}.Debug|Any CPU.Build.0 = Debug|Any CPU
		{856830D1-26D0-4D4A-8BB7-96C96C5C082D}.Debug|x86.ActiveCfg = Debug|Any CPU
		{856830D1-26D0-4D4A-8BB7-96C96C5C082D}.Debug|x86.Build.0 = Debug|Any CPU
		{856830D1-26D0-4D4A-8BB7-96C96C5C082D}.Release|Any CPU.ActiveCfg = Release|Any CPU
		{856830D1-26D0-4D4A-8BB7-96C96C5C082D}.Release|Any CPU.Build.0 = Release|Any CPU
		{856830D1-26D0-4D4A-8BB7-96C96C5C082D}.Release|x86.ActiveCfg = Release|Any CPU
		{856830D1-26D0-4D4A-8BB7-96C96C5C082D}.Release|x86.Build.0 = Release|Any CPU
		{432F4612-FA01-49FE-A850-DCEB6B433BB9}.Debug|Any CPU.ActiveCfg = Debug|Any CPU
		{432F4612-FA01-49FE-A850-DCEB6B433BB9}.Debug|Any CPU.Build.0 = Debug|Any CPU
		{432F4612-FA01-49FE-A850-DCEB6B433BB9}.Debug|x86.ActiveCfg = Debug|Any CPU
		{432F4612-FA01-49FE-A850-DCEB6B433BB9}.Debug|x86.Build.0 = Debug|Any CPU
		{432F4612-FA01-49FE-A850-DCEB6B433BB9}.Release|Any CPU.ActiveCfg = Release|Any CPU
		{432F4612-FA01-49FE-A850-DCEB6B433BB9}.Release|Any CPU.Build.0 = Release|Any CPU
		{432F4612-FA01-49FE-A850-DCEB6B433BB9}.Release|x86.ActiveCfg = Release|Any CPU
		{432F4612-FA01-49FE-A850-DCEB6B433BB9}.Release|x86.Build.0 = Release|Any CPU
		{2523EF4C-CB36-4BD9-8CC4-6F69E59A9DBA}.Debug|Any CPU.ActiveCfg = Debug|Any CPU
		{2523EF4C-CB36-4BD9-8CC4-6F69E59A9DBA}.Debug|Any CPU.Build.0 = Debug|Any CPU
		{2523EF4C-CB36-4BD9-8CC4-6F69E59A9DBA}.Debug|x86.ActiveCfg = Debug|Any CPU
		{2523EF4C-CB36-4BD9-8CC4-6F69E59A9DBA}.Debug|x86.Build.0 = Debug|Any CPU
		{2523EF4C-CB36-4BD9-8CC4-6F69E59A9DBA}.Release|Any CPU.ActiveCfg = Release|Any CPU
		{2523EF4C-CB36-4BD9-8CC4-6F69E59A9DBA}.Release|Any CPU.Build.0 = Release|Any CPU
		{2523EF4C-CB36-4BD9-8CC4-6F69E59A9DBA}.Release|x86.ActiveCfg = Release|Any CPU
		{2523EF4C-CB36-4BD9-8CC4-6F69E59A9DBA}.Release|x86.Build.0 = Release|Any CPU
		{F91E03CD-890F-4986-95D5-7E655F33B054}.Debug|Any CPU.ActiveCfg = Debug|Any CPU
		{F91E03CD-890F-4986-95D5-7E655F33B054}.Debug|Any CPU.Build.0 = Debug|Any CPU
		{F91E03CD-890F-4986-95D5-7E655F33B054}.Debug|x86.ActiveCfg = Debug|Any CPU
		{F91E03CD-890F-4986-95D5-7E655F33B054}.Debug|x86.Build.0 = Debug|Any CPU
		{F91E03CD-890F-4986-95D5-7E655F33B054}.Release|Any CPU.ActiveCfg = Release|Any CPU
		{F91E03CD-890F-4986-95D5-7E655F33B054}.Release|Any CPU.Build.0 = Release|Any CPU
		{F91E03CD-890F-4986-95D5-7E655F33B054}.Release|x86.ActiveCfg = Release|Any CPU
		{F91E03CD-890F-4986-95D5-7E655F33B054}.Release|x86.Build.0 = Release|Any CPU
		{6011004C-D4E2-45D9-82BD-C3D7BD985126}.Debug|Any CPU.ActiveCfg = Debug|Any CPU
		{6011004C-D4E2-45D9-82BD-C3D7BD985126}.Debug|Any CPU.Build.0 = Debug|Any CPU
		{6011004C-D4E2-45D9-82BD-C3D7BD985126}.Debug|x86.ActiveCfg = Debug|Any CPU
		{6011004C-D4E2-45D9-82BD-C3D7BD985126}.Debug|x86.Build.0 = Debug|Any CPU
		{6011004C-D4E2-45D9-82BD-C3D7BD985126}.Release|Any CPU.ActiveCfg = Release|Any CPU
		{6011004C-D4E2-45D9-82BD-C3D7BD985126}.Release|Any CPU.Build.0 = Release|Any CPU
		{6011004C-D4E2-45D9-82BD-C3D7BD985126}.Release|x86.ActiveCfg = Release|Any CPU
		{6011004C-D4E2-45D9-82BD-C3D7BD985126}.Release|x86.Build.0 = Release|Any CPU
		{D52E4763-0AC2-4B9A-998A-6293DE551FE5}.Debug|Any CPU.ActiveCfg = Debug|Any CPU
		{D52E4763-0AC2-4B9A-998A-6293DE551FE5}.Debug|Any CPU.Build.0 = Debug|Any CPU
		{D52E4763-0AC2-4B9A-998A-6293DE551FE5}.Debug|x86.ActiveCfg = Debug|Any CPU
		{D52E4763-0AC2-4B9A-998A-6293DE551FE5}.Debug|x86.Build.0 = Debug|Any CPU
		{D52E4763-0AC2-4B9A-998A-6293DE551FE5}.Release|Any CPU.ActiveCfg = Release|Any CPU
		{D52E4763-0AC2-4B9A-998A-6293DE551FE5}.Release|Any CPU.Build.0 = Release|Any CPU
		{D52E4763-0AC2-4B9A-998A-6293DE551FE5}.Release|x86.ActiveCfg = Release|Any CPU
		{D52E4763-0AC2-4B9A-998A-6293DE551FE5}.Release|x86.Build.0 = Release|Any CPU
	EndGlobalSection
	GlobalSection(SolutionProperties) = preSolution
		HideSolutionNode = FALSE
	EndGlobalSection
	GlobalSection(ExtensibilityGlobals) = postSolution
		SolutionGuid = {A3FEDCAD-958B-4DAF-96A6-97976DFE46E4}
	EndGlobalSection
EndGlobal
